
Microsoft Visual Studio Solution File, Format Version 12.00
# Visual Studio Version 16
VisualStudioVersion = 16.0.29209.62
MinimumVisualStudioVersion = 10.0.40219.1
Project("{FAE04EC0-301F-11D3-BF4B-00C04F79EFBC}") = "EducatorGrades", "EducatorGrades.csproj", "{240882B2-1906-4EEF-96E2-EF13564DE938}"
EndProject
Global
	GlobalSection(SolutionConfigurationPlatforms) = preSolution
		Debug|Any CPU = Debug|Any CPU
		Release|Any CPU = Release|Any CPU
	EndGlobalSection
	GlobalSection(ProjectConfigurationPlatforms) = postSolution
		{240882B2-1906-4EEF-96E2-EF13564DE938}.Debug|Any CPU.ActiveCfg = Debug|Any CPU
		{240882B2-1906-4EEF-96E2-EF13564DE938}.Debug|Any CPU.Build.0 = Debug|Any CPU
		{240882B2-1906-4EEF-96E2-EF13564DE938}.Release|Any CPU.ActiveCfg = Release|Any CPU
		{240882B2-1906-4EEF-96E2-EF13564DE938}.Release|Any CPU.Build.0 = Release|Any CPU
	EndGlobalSection
	GlobalSection(SolutionProperties) = preSolution
		HideSolutionNode = FALSE
	EndGlobalSection
	GlobalSection(ExtensibilityGlobals) = postSolution
		SolutionGuid = {1A1E3D96-365C-48E3-9ACB-0B89EAADCDE1}
	EndGlobalSection
EndGlobal
